// !$*UTF8*$!
{
	archiveVersion = 1;
	classes = {
	};
	objectVersion = 50;
	objects = {

/* Begin PBXBuildFile section */
		403CCE4B23EB6562000B81D0 /* AppDelegate.swift in Sources */ = {isa = PBXBuildFile; fileRef = 403CCE4A23EB6562000B81D0 /* AppDelegate.swift */; };
		403CCE4D23EB6562000B81D0 /* ViewController.swift in Sources */ = {isa = PBXBuildFile; fileRef = 403CCE4C23EB6562000B81D0 /* ViewController.swift */; };
		403CCE4F23EB6566000B81D0 /* Assets.xcassets in Resources */ = {isa = PBXBuildFile; fileRef = 403CCE4E23EB6566000B81D0 /* Assets.xcassets */; };
		403CCE5223EB6566000B81D0 /* Main.storyboard in Resources */ = {isa = PBXBuildFile; fileRef = 403CCE5023EB6566000B81D0 /* Main.storyboard */; };
		403CCE5E23EB6567000B81D0 /* LED_BLE_ControllerTests.swift in Sources */ = {isa = PBXBuildFile; fileRef = 403CCE5D23EB6567000B81D0 /* LED_BLE_ControllerTests.swift */; };
		40A2263725853FC80080D670 /* ble_backend.framework in Frameworks */ = {isa = PBXBuildFile; fileRef = 40A2263325853ECA0080D670 /* ble_backend.framework */; };
		40A2263825853FC80080D670 /* ble_backend.framework in Embed Frameworks */ = {isa = PBXBuildFile; fileRef = 40A2263325853ECA0080D670 /* ble_backend.framework */; settings = {ATTRIBUTES = (CodeSignOnCopy, RemoveHeadersOnCopy, ); }; };
/* End PBXBuildFile section */

/* Begin PBXContainerItemProxy section */
		403CCE5A23EB6566000B81D0 /* PBXContainerItemProxy */ = {
			isa = PBXContainerItemProxy;
			containerPortal = 403CCE3F23EB6562000B81D0 /* Project object */;
			proxyType = 1;
			remoteGlobalIDString = 403CCE4623EB6562000B81D0;
			remoteInfo = "LED BLE Controller";
		};
/* End PBXContainerItemProxy section */

/* Begin PBXCopyFilesBuildPhase section */
		403CCE6C23EB66F1000B81D0 /* Embed Frameworks */ = {
			isa = PBXCopyFilesBuildPhase;
			buildActionMask = 2147483647;
			dstPath = "";
			dstSubfolderSpec = 10;
			files = (
				40A2263825853FC80080D670 /* ble_backend.framework in Embed Frameworks */,
			);
			name = "Embed Frameworks";
			runOnlyForDeploymentPostprocessing = 0;
		};
/* End PBXCopyFilesBuildPhase section */

/* Begin PBXFileReference section */
		403CCE4723EB6562000B81D0 /* LED BLE Controller.app */ = {isa = PBXFileReference; explicitFileType = wrapper.application; includeInIndex = 0; path = "LED BLE Controller.app"; sourceTree = BUILT_PRODUCTS_DIR; };
		403CCE4A23EB6562000B81D0 /* AppDelegate.swift */ = {isa = PBXFileReference; lastKnownFileType = sourcecode.swift; path = AppDelegate.swift; sourceTree = "<group>"; };
		403CCE4C23EB6562000B81D0 /* ViewController.swift */ = {isa = PBXFileReference; lastKnownFileType = sourcecode.swift; path = ViewController.swift; sourceTree = "<group>"; };
		403CCE4E23EB6566000B81D0 /* Assets.xcassets */ = {isa = PBXFileReference; lastKnownFileType = folder.assetcatalog; path = Assets.xcassets; sourceTree = "<group>"; };
		403CCE5123EB6566000B81D0 /* Base */ = {isa = PBXFileReference; lastKnownFileType = file.storyboard; name = Base; path = Base.lproj/Main.storyboard; sourceTree = "<group>"; };
		403CCE5323EB6566000B81D0 /* Info.plist */ = {isa = PBXFileReference; lastKnownFileType = text.plist.xml; path = Info.plist; sourceTree = "<group>"; };
		403CCE5423EB6566000B81D0 /* LED_BLE_Controller.entitlements */ = {isa = PBXFileReference; lastKnownFileType = text.plist.entitlements; path = LED_BLE_Controller.entitlements; sourceTree = "<group>"; };
		403CCE5923EB6566000B81D0 /* LED BLE ControllerTests.xctest */ = {isa = PBXFileReference; explicitFileType = wrapper.cfbundle; includeInIndex = 0; path = "LED BLE ControllerTests.xctest"; sourceTree = BUILT_PRODUCTS_DIR; };
		403CCE5D23EB6567000B81D0 /* LED_BLE_ControllerTests.swift */ = {isa = PBXFileReference; lastKnownFileType = sourcecode.swift; path = LED_BLE_ControllerTests.swift; sourceTree = "<group>"; };
		403CCE5F23EB6567000B81D0 /* Info.plist */ = {isa = PBXFileReference; lastKnownFileType = text.plist.xml; path = Info.plist; sourceTree = "<group>"; };
		40A2263325853ECA0080D670 /* ble_backend.framework */ = {isa = PBXFileReference; lastKnownFileType = wrapper.framework; path = ble_backend.framework; sourceTree = "<group>"; };
/* End PBXFileReference section */

/* Begin PBXFrameworksBuildPhase section */
		403CCE4423EB6562000B81D0 /* Frameworks */ = {
			isa = PBXFrameworksBuildPhase;
			buildActionMask = 2147483647;
			files = (
				40A2263725853FC80080D670 /* ble_backend.framework in Frameworks */,
			);
			runOnlyForDeploymentPostprocessing = 0;
		};
		403CCE5623EB6566000B81D0 /* Frameworks */ = {
			isa = PBXFrameworksBuildPhase;
			buildActionMask = 2147483647;
			files = (
			);
			runOnlyForDeploymentPostprocessing = 0;
		};
/* End PBXFrameworksBuildPhase section */

/* Begin PBXGroup section */
		403CCE3E23EB6562000B81D0 = {
			isa = PBXGroup;
			children = (
				403CCE4923EB6562000B81D0 /* LED BLE Controller */,
				403CCE5C23EB6566000B81D0 /* LED BLE ControllerTests */,
				403CCE4823EB6562000B81D0 /* Products */,
				40A2263325853ECA0080D670 /* ble_backend.framework */,
			);
			sourceTree = "<group>";
		};
		403CCE4823EB6562000B81D0 /* Products */ = {
			isa = PBXGroup;
			children = (
				403CCE4723EB6562000B81D0 /* LED BLE Controller.app */,
				403CCE5923EB6566000B81D0 /* LED BLE ControllerTests.xctest */,
			);
			name = Products;
			sourceTree = "<group>";
		};
		403CCE4923EB6562000B81D0 /* LED BLE Controller */ = {
			isa = PBXGroup;
			children = (
				403CCE4A23EB6562000B81D0 /* AppDelegate.swift */,
				403CCE4C23EB6562000B81D0 /* ViewController.swift */,
				403CCE4E23EB6566000B81D0 /* Assets.xcassets */,
				403CCE5023EB6566000B81D0 /* Main.storyboard */,
				403CCE5323EB6566000B81D0 /* Info.plist */,
				403CCE5423EB6566000B81D0 /* LED_BLE_Controller.entitlements */,
			);
			path = "LED BLE Controller";
			sourceTree = "<group>";
		};
		403CCE5C23EB6566000B81D0 /* LED BLE ControllerTests */ = {
			isa = PBXGroup;
			children = (
				403CCE5D23EB6567000B81D0 /* LED_BLE_ControllerTests.swift */,
				403CCE5F23EB6567000B81D0 /* Info.plist */,
			);
			path = "LED BLE ControllerTests";
			sourceTree = "<group>";
		};
/* End PBXGroup section */

/* Begin PBXNativeTarget section */
		403CCE4623EB6562000B81D0 /* LED BLE Controller */ = {
			isa = PBXNativeTarget;
			buildConfigurationList = 403CCE6223EB6567000B81D0 /* Build configuration list for PBXNativeTarget "LED BLE Controller" */;
			buildPhases = (
				403CCE4323EB6562000B81D0 /* Sources */,
				403CCE4423EB6562000B81D0 /* Frameworks */,
				403CCE4523EB6562000B81D0 /* Resources */,
				403CCE6C23EB66F1000B81D0 /* Embed Frameworks */,
			);
			buildRules = (
			);
			dependencies = (
			);
			name = "LED BLE Controller";
			productName = "LED BLE Controller";
			productReference = 403CCE4723EB6562000B81D0 /* LED BLE Controller.app */;
			productType = "com.apple.product-type.application";
		};
		403CCE5823EB6566000B81D0 /* LED BLE ControllerTests */ = {
			isa = PBXNativeTarget;
			buildConfigurationList = 403CCE6523EB6567000B81D0 /* Build configuration list for PBXNativeTarget "LED BLE ControllerTests" */;
			buildPhases = (
				403CCE5523EB6566000B81D0 /* Sources */,
				403CCE5623EB6566000B81D0 /* Frameworks */,
				403CCE5723EB6566000B81D0 /* Resources */,
			);
			buildRules = (
			);
			dependencies = (
				403CCE5B23EB6566000B81D0 /* PBXTargetDependency */,
			);
			name = "LED BLE ControllerTests";
			productName = "LED BLE ControllerTests";
			productReference = 403CCE5923EB6566000B81D0 /* LED BLE ControllerTests.xctest */;
			productType = "com.apple.product-type.bundle.unit-test";
		};
/* End PBXNativeTarget section */

/* Begin PBXProject section */
		403CCE3F23EB6562000B81D0 /* Project object */ = {
			isa = PBXProject;
			attributes = {
				LastSwiftUpdateCheck = 1130;
				LastUpgradeCheck = 1130;
				ORGANIZATIONNAME = "Hadrián Montes Campos";
				TargetAttributes = {
					403CCE4623EB6562000B81D0 = {
						CreatedOnToolsVersion = 11.3.1;
					};
					403CCE5823EB6566000B81D0 = {
						CreatedOnToolsVersion = 11.3.1;
						TestTargetID = 403CCE4623EB6562000B81D0;
					};
				};
			};
			buildConfigurationList = 403CCE4223EB6562000B81D0 /* Build configuration list for PBXProject "LED BLE Controller" */;
			compatibilityVersion = "Xcode 9.3";
			developmentRegion = en;
			hasScannedForEncodings = 0;
			knownRegions = (
				en,
				Base,
			);
			mainGroup = 403CCE3E23EB6562000B81D0;
			productRefGroup = 403CCE4823EB6562000B81D0 /* Products */;
			projectDirPath = "";
			projectRoot = "";
			targets = (
				403CCE4623EB6562000B81D0 /* LED BLE Controller */,
				403CCE5823EB6566000B81D0 /* LED BLE ControllerTests */,
			);
		};
/* End PBXProject section */

/* Begin PBXResourcesBuildPhase section */
		403CCE4523EB6562000B81D0 /* Resources */ = {
			isa = PBXResourcesBuildPhase;
			buildActionMask = 2147483647;
			files = (
				403CCE4F23EB6566000B81D0 /* Assets.xcassets in Resources */,
				403CCE5223EB6566000B81D0 /* Main.storyboard in Resources */,
			);
			runOnlyForDeploymentPostprocessing = 0;
		};
		403CCE5723EB6566000B81D0 /* Resources */ = {
			isa = PBXResourcesBuildPhase;
			buildActionMask = 2147483647;
			files = (
			);
			runOnlyForDeploymentPostprocessing = 0;
		};
/* End PBXResourcesBuildPhase section */

/* Begin PBXSourcesBuildPhase section */
		403CCE4323EB6562000B81D0 /* Sources */ = {
			isa = PBXSourcesBuildPhase;
			buildActionMask = 2147483647;
			files = (
				403CCE4D23EB6562000B81D0 /* ViewController.swift in Sources */,
				403CCE4B23EB6562000B81D0 /* AppDelegate.swift in Sources */,
			);
			runOnlyForDeploymentPostprocessing = 0;
		};
		403CCE5523EB6566000B81D0 /* Sources */ = {
			isa = PBXSourcesBuildPhase;
			buildActionMask = 2147483647;
			files = (
				403CCE5E23EB6567000B81D0 /* LED_BLE_ControllerTests.swift in Sources */,
			);
			runOnlyForDeploymentPostprocessing = 0;
		};
/* End PBXSourcesBuildPhase section */

/* Begin PBXTargetDependency section */
		403CCE5B23EB6566000B81D0 /* PBXTargetDependency */ = {
			isa = PBXTargetDependency;
			target = 403CCE4623EB6562000B81D0 /* LED BLE Controller */;
			targetProxy = 403CCE5A23EB6566000B81D0 /* PBXContainerItemProxy */;
		};
/* End PBXTargetDependency section */

/* Begin PBXVariantGroup section */
		403CCE5023EB6566000B81D0 /* Main.storyboard */ = {
			isa = PBXVariantGroup;
			children = (
				403CCE5123EB6566000B81D0 /* Base */,
			);
			name = Main.storyboard;
			sourceTree = "<group>";
		};
/* End PBXVariantGroup section */

/* Begin XCBuildConfiguration section */
		403CCE6023EB6567000B81D0 /* Debug */ = {
			isa = XCBuildConfiguration;
			buildSettings = {
				ALWAYS_SEARCH_USER_PATHS = NO;
				CLANG_ANALYZER_NONNULL = YES;
				CLANG_ANALYZER_NUMBER_OBJECT_CONVERSION = YES_AGGRESSIVE;
				CLANG_CXX_LANGUAGE_STANDARD = "gnu++14";
				CLANG_CXX_LIBRARY = "libc++";
				CLANG_ENABLE_MODULES = YES;
				CLANG_ENABLE_OBJC_ARC = YES;
				CLANG_ENABLE_OBJC_WEAK = YES;
				CLANG_WARN_BLOCK_CAPTURE_AUTORELEASING = YES;
				CLANG_WARN_BOOL_CONVERSION = YES;
				CLANG_WARN_COMMA = YES;
				CLANG_WARN_CONSTANT_CONVERSION = YES;
				CLANG_WARN_DEPRECATED_OBJC_IMPLEMENTATIONS = YES;
				CLANG_WARN_DIRECT_OBJC_ISA_USAGE = YES_ERROR;
				CLANG_WARN_DOCUMENTATION_COMMENTS = YES;
				CLANG_WARN_EMPTY_BODY = YES;
				CLANG_WARN_ENUM_CONVERSION = YES;
				CLANG_WARN_INFINITE_RECURSION = YES;
				CLANG_WARN_INT_CONVERSION = YES;
				CLANG_WARN_NON_LITERAL_NULL_CONVERSION = YES;
				CLANG_WARN_OBJC_IMPLICIT_RETAIN_SELF = YES;
				CLANG_WARN_OBJC_LITERAL_CONVERSION = YES;
				CLANG_WARN_OBJC_ROOT_CLASS = YES_ERROR;
				CLANG_WARN_RANGE_LOOP_ANALYSIS = YES;
				CLANG_WARN_STRICT_PROTOTYPES = YES;
				CLANG_WARN_SUSPICIOUS_MOVE = YES;
				CLANG_WARN_UNGUARDED_AVAILABILITY = YES_AGGRESSIVE;
				CLANG_WARN_UNREACHABLE_CODE = YES;
				CLANG_WARN__DUPLICATE_METHOD_MATCH = YES;
				COPY_PHASE_STRIP = NO;
				DEBUG_INFORMATION_FORMAT = dwarf;
				ENABLE_STRICT_OBJC_MSGSEND = YES;
				ENABLE_TESTABILITY = YES;
				GCC_C_LANGUAGE_STANDARD = gnu11;
				GCC_DYNAMIC_NO_PIC = NO;
				GCC_NO_COMMON_BLOCKS = YES;
				GCC_OPTIMIZATION_LEVEL = 0;
				GCC_PREPROCESSOR_DEFINITIONS = (
					"DEBUG=1",
					"$(inherited)",
				);
				GCC_WARN_64_TO_32_BIT_CONVERSION = YES;
				GCC_WARN_ABOUT_RETURN_TYPE = YES_ERROR;
				GCC_WARN_UNDECLARED_SELECTOR = YES;
				GCC_WARN_UNINITIALIZED_AUTOS = YES_AGGRESSIVE;
				GCC_WARN_UNUSED_FUNCTION = YES;
				GCC_WARN_UNUSED_VARIABLE = YES;
				MACOSX_DEPLOYMENT_TARGET = 10.15;
				MTL_ENABLE_DEBUG_INFO = INCLUDE_SOURCE;
				MTL_FAST_MATH = YES;
				ONLY_ACTIVE_ARCH = YES;
				SDKROOT = macosx;
				SWIFT_ACTIVE_COMPILATION_CONDITIONS = DEBUG;
				SWIFT_OPTIMIZATION_LEVEL = "-Onone";
			};
			name = Debug;
		};
		403CCE6123EB6567000B81D0 /* Release */ = {
			isa = XCBuildConfiguration;
			buildSettings = {
				ALWAYS_SEARCH_USER_PATHS = NO;
				CLANG_ANALYZER_NONNULL = YES;
				CLANG_ANALYZER_NUMBER_OBJECT_CONVERSION = YES_AGGRESSIVE;
				CLANG_CXX_LANGUAGE_STANDARD = "gnu++14";
				CLANG_CXX_LIBRARY = "libc++";
				CLANG_ENABLE_MODULES = YES;
				CLANG_ENABLE_OBJC_ARC = YES;
				CLANG_ENABLE_OBJC_WEAK = YES;
				CLANG_WARN_BLOCK_CAPTURE_AUTORELEASING = YES;
				CLANG_WARN_BOOL_CONVERSION = YES;
				CLANG_WARN_COMMA = YES;
				CLANG_WARN_CONSTANT_CONVERSION = YES;
				CLANG_WARN_DEPRECATED_OBJC_IMPLEMENTATIONS = YES;
				CLANG_WARN_DIRECT_OBJC_ISA_USAGE = YES_ERROR;
				CLANG_WARN_DOCUMENTATION_COMMENTS = YES;
				CLANG_WARN_EMPTY_BODY = YES;
				CLANG_WARN_ENUM_CONVERSION = YES;
				CLANG_WARN_INFINITE_RECURSION = YES;
				CLANG_WARN_INT_CONVERSION = YES;
				CLANG_WARN_NON_LITERAL_NULL_CONVERSION = YES;
				CLANG_WARN_OBJC_IMPLICIT_RETAIN_SELF = YES;
				CLANG_WARN_OBJC_LITERAL_CONVERSION = YES;
				CLANG_WARN_OBJC_ROOT_CLASS = YES_ERROR;
				CLANG_WARN_RANGE_LOOP_ANALYSIS = YES;
				CLANG_WARN_STRICT_PROTOTYPES = YES;
				CLANG_WARN_SUSPICIOUS_MOVE = YES;
				CLANG_WARN_UNGUARDED_AVAILABILITY = YES_AGGRESSIVE;
				CLANG_WARN_UNREACHABLE_CODE = YES;
				CLANG_WARN__DUPLICATE_METHOD_MATCH = YES;
				COPY_PHASE_STRIP = NO;
				DEBUG_INFORMATION_FORMAT = "dwarf-with-dsym";
				ENABLE_NS_ASSERTIONS = NO;
				ENABLE_STRICT_OBJC_MSGSEND = YES;
				GCC_C_LANGUAGE_STANDARD = gnu11;
				GCC_NO_COMMON_BLOCKS = YES;
				GCC_WARN_64_TO_32_BIT_CONVERSION = YES;
				GCC_WARN_ABOUT_RETURN_TYPE = YES_ERROR;
				GCC_WARN_UNDECLARED_SELECTOR = YES;
				GCC_WARN_UNINITIALIZED_AUTOS = YES_AGGRESSIVE;
				GCC_WARN_UNUSED_FUNCTION = YES;
				GCC_WARN_UNUSED_VARIABLE = YES;
				MACOSX_DEPLOYMENT_TARGET = 10.15;
				MTL_ENABLE_DEBUG_INFO = NO;
				MTL_FAST_MATH = YES;
				SDKROOT = macosx;
				SWIFT_COMPILATION_MODE = wholemodule;
				SWIFT_OPTIMIZATION_LEVEL = "-O";
			};
			name = Release;
		};
		403CCE6323EB6567000B81D0 /* Debug */ = {
			isa = XCBuildConfiguration;
			buildSettings = {
				ASSETCATALOG_COMPILER_APPICON_NAME = AppIcon;
				CODE_SIGN_ENTITLEMENTS = "LED BLE Controller/LED_BLE_Controller.entitlements";
				CODE_SIGN_STYLE = Automatic;
				COMBINE_HIDPI_IMAGES = YES;
				DEVELOPMENT_TEAM = S4U8PU75XD;
				ENABLE_HARDENED_RUNTIME = YES;
				FRAMEWORK_SEARCH_PATHS = (
					"$(inherited)",
					"$(PROJECT_DIR)",
				);
				INFOPLIST_FILE = "LED BLE Controller/Info.plist";
				LD_RUNPATH_SEARCH_PATHS = (
					"$(inherited)",
					"@executable_path/../Frameworks",
				);
				PRODUCT_BUNDLE_IDENTIFIER = "Hadrian.LED-BLE-Controller";
				PRODUCT_NAME = "$(TARGET_NAME)";
				SWIFT_VERSION = 5.0;
			};
			name = Debug;
		};
		403CCE6423EB6567000B81D0 /* Release */ = {
			isa = XCBuildConfiguration;
			buildSettings = {
				ASSETCATALOG_COMPILER_APPICON_NAME = AppIcon;
				CODE_SIGN_ENTITLEMENTS = "LED BLE Controller/LED_BLE_Controller.entitlements";
				CODE_SIGN_STYLE = Automatic;
				COMBINE_HIDPI_IMAGES = YES;
				DEVELOPMENT_TEAM = S4U8PU75XD;
				ENABLE_HARDENED_RUNTIME = YES;
				FRAMEWORK_SEARCH_PATHS = (
					"$(inherited)",
					"$(PROJECT_DIR)",
				);
				INFOPLIST_FILE = "LED BLE Controller/Info.plist";
				LD_RUNPATH_SEARCH_PATHS = (
					"$(inherited)",
					"@executable_path/../Frameworks",
				);
				PRODUCT_BUNDLE_IDENTIFIER = "Hadrian.LED-BLE-Controller";
				PRODUCT_NAME = "$(TARGET_NAME)";
				SWIFT_VERSION = 5.0;
			};
			name = Release;
		};
		403CCE6623EB6567000B81D0 /* Debug */ = {
			isa = XCBuildConfiguration;
			buildSettings = {
				ALWAYS_EMBED_SWIFT_STANDARD_LIBRARIES = YES;
				BUNDLE_LOADER = "$(TEST_HOST)";
				CODE_SIGN_STYLE = Automatic;
				COMBINE_HIDPI_IMAGES = YES;
				DEVELOPMENT_TEAM = S4U8PU75XD;
				INFOPLIST_FILE = "LED BLE ControllerTests/Info.plist";
				LD_RUNPATH_SEARCH_PATHS = (
					"$(inherited)",
					"@executable_path/../Frameworks",
					"@loader_path/../Frameworks",
				);
				MACOSX_DEPLOYMENT_TARGET = 10.15;
				PRODUCT_BUNDLE_IDENTIFIER = "Hadrian.LED-BLE-ControllerTests";
				PRODUCT_NAME = "$(TARGET_NAME)";
				SWIFT_VERSION = 5.0;
				TEST_HOST = "$(BUILT_PRODUCTS_DIR)/LED BLE Controller.app/Contents/MacOS/LED BLE Controller";
			};
			name = Debug;
		};
		403CCE6723EB6567000B81D0 /* Release */ = {
			isa = XCBuildConfiguration;
			buildSettings = {
				ALWAYS_EMBED_SWIFT_STANDARD_LIBRARIES = YES;
				BUNDLE_LOADER = "$(TEST_HOST)";
				CODE_SIGN_STYLE = Automatic;
				COMBINE_HIDPI_IMAGES = YES;
				DEVELOPMENT_TEAM = S4U8PU75XD;
				INFOPLIST_FILE = "LED BLE ControllerTests/Info.plist";
				LD_RUNPATH_SEARCH_PATHS = (
					"$(inherited)",
					"@executable_path/../Frameworks",
					"@loader_path/../Frameworks",
				);
				MACOSX_DEPLOYMENT_TARGET = 10.15;
				PRODUCT_BUNDLE_IDENTIFIER = "Hadrian.LED-BLE-ControllerTests";
				PRODUCT_NAME = "$(TARGET_NAME)";
				SWIFT_VERSION = 5.0;
				TEST_HOST = "$(BUILT_PRODUCTS_DIR)/LED BLE Controller.app/Contents/MacOS/LED BLE Controller";
			};
			name = Release;
		};
/* End XCBuildConfiguration section */

/* Begin XCConfigurationList section */
		403CCE4223EB6562000B81D0 /* Build configuration list for PBXProject "LED BLE Controller" */ = {
			isa = XCConfigurationList;
			buildConfigurations = (
				403CCE6023EB6567000B81D0 /* Debug */,
				403CCE6123EB6567000B81D0 /* Release */,
			);
			defaultConfigurationIsVisible = 0;
			defaultConfigurationName = Release;
		};
		403CCE6223EB6567000B81D0 /* Build configuration list for PBXNativeTarget "LED BLE Controller" */ = {
			isa = XCConfigurationList;
			buildConfigurations = (
				403CCE6323EB6567000B81D0 /* Debug */,
				403CCE6423EB6567000B81D0 /* Release */,
			);
			defaultConfigurationIsVisible = 0;
			defaultConfigurationName = Release;
		};
		403CCE6523EB6567000B81D0 /* Build configuration list for PBXNativeTarget "LED BLE ControllerTests" */ = {
			isa = XCConfigurationList;
			buildConfigurations = (
				403CCE6623EB6567000B81D0 /* Debug */,
				403CCE6723EB6567000B81D0 /* Release */,
			);
			defaultConfigurationIsVisible = 0;
			defaultConfigurationName = Release;
		};
/* End XCConfigurationList section */
	};
	rootObject = 403CCE3F23EB6562000B81D0 /* Project object */;
}
