// !$*UTF8*$!
{
	archiveVersion = 1;
	classes = {
	};
	objectVersion = 50;
	objects = {

/* Begin PBXBuildFile section */
		4053861723DA2C87003182B4 /* AppDelegate.swift in Sources */ = {isa = PBXBuildFile; fileRef = 4053861623DA2C87003182B4 /* AppDelegate.swift */; };
		4053861923DA2C87003182B4 /* ContentView.swift in Sources */ = {isa = PBXBuildFile; fileRef = 4053861823DA2C87003182B4 /* ContentView.swift */; };
		4053861B23DA2C8B003182B4 /* Assets.xcassets in Resources */ = {isa = PBXBuildFile; fileRef = 4053861A23DA2C8B003182B4 /* Assets.xcassets */; };
		4053861E23DA2C8B003182B4 /* Preview Assets.xcassets in Resources */ = {isa = PBXBuildFile; fileRef = 4053861D23DA2C8B003182B4 /* Preview Assets.xcassets */; };
		4053862123DA2C8B003182B4 /* Main.storyboard in Resources */ = {isa = PBXBuildFile; fileRef = 4053861F23DA2C8B003182B4 /* Main.storyboard */; };
		4053862D23DA2C8B003182B4 /* LED_BLE_ControllerTests.swift in Sources */ = {isa = PBXBuildFile; fileRef = 4053862C23DA2C8B003182B4 /* LED_BLE_ControllerTests.swift */; };
/* End PBXBuildFile section */

/* Begin PBXContainerItemProxy section */
		4053862923DA2C8B003182B4 /* PBXContainerItemProxy */ = {
			isa = PBXContainerItemProxy;
			containerPortal = 4053860B23DA2C87003182B4 /* Project object */;
			proxyType = 1;
			remoteGlobalIDString = 4053861223DA2C87003182B4;
			remoteInfo = "LED BLE Controller";
		};
/* End PBXContainerItemProxy section */

/* Begin PBXCopyFilesBuildPhase section */
		403811D023EA21EC00213EC3 /* Embed Frameworks */ = {
			isa = PBXCopyFilesBuildPhase;
			buildActionMask = 2147483647;
			dstPath = "";
			dstSubfolderSpec = 10;
			files = (
			);
			name = "Embed Frameworks";
			runOnlyForDeploymentPostprocessing = 0;
		};
/* End PBXCopyFilesBuildPhase section */

/* Begin PBXFileReference section */
		4053861323DA2C87003182B4 /* LED BLE Controller.app */ = {isa = PBXFileReference; explicitFileType = wrapper.application; includeInIndex = 0; path = "LED BLE Controller.app"; sourceTree = BUILT_PRODUCTS_DIR; };
		4053861623DA2C87003182B4 /* AppDelegate.swift */ = {isa = PBXFileReference; lastKnownFileType = sourcecode.swift; path = AppDelegate.swift; sourceTree = "<group>"; };
		4053861823DA2C87003182B4 /* ContentView.swift */ = {isa = PBXFileReference; lastKnownFileType = sourcecode.swift; path = ContentView.swift; sourceTree = "<group>"; };
		4053861A23DA2C8B003182B4 /* Assets.xcassets */ = {isa = PBXFileReference; lastKnownFileType = folder.assetcatalog; path = Assets.xcassets; sourceTree = "<group>"; };
		4053861D23DA2C8B003182B4 /* Preview Assets.xcassets */ = {isa = PBXFileReference; lastKnownFileType = folder.assetcatalog; path = "Preview Assets.xcassets"; sourceTree = "<group>"; };
		4053862023DA2C8B003182B4 /* Base */ = {isa = PBXFileReference; lastKnownFileType = file.storyboard; name = Base; path = Base.lproj/Main.storyboard; sourceTree = "<group>"; };
		4053862223DA2C8B003182B4 /* Info.plist */ = {isa = PBXFileReference; lastKnownFileType = text.plist.xml; path = Info.plist; sourceTree = "<group>"; };
		4053862323DA2C8B003182B4 /* LED_BLE_Controller.entitlements */ = {isa = PBXFileReference; lastKnownFileType = text.plist.entitlements; path = LED_BLE_Controller.entitlements; sourceTree = "<group>"; };
		4053862823DA2C8B003182B4 /* LED BLE ControllerTests.xctest */ = {isa = PBXFileReference; explicitFileType = wrapper.cfbundle; includeInIndex = 0; path = "LED BLE ControllerTests.xctest"; sourceTree = BUILT_PRODUCTS_DIR; };
		4053862C23DA2C8B003182B4 /* LED_BLE_ControllerTests.swift */ = {isa = PBXFileReference; lastKnownFileType = sourcecode.swift; path = LED_BLE_ControllerTests.swift; sourceTree = "<group>"; };
		4053862E23DA2C8B003182B4 /* Info.plist */ = {isa = PBXFileReference; lastKnownFileType = text.plist.xml; path = Info.plist; sourceTree = "<group>"; };
/* End PBXFileReference section */

/* Begin PBXFrameworksBuildPhase section */
		4053861023DA2C87003182B4 /* Frameworks */ = {
			isa = PBXFrameworksBuildPhase;
			buildActionMask = 2147483647;
			files = (
			);
			runOnlyForDeploymentPostprocessing = 0;
		};
		4053862523DA2C8B003182B4 /* Frameworks */ = {
			isa = PBXFrameworksBuildPhase;
			buildActionMask = 2147483647;
			files = (
			);
			runOnlyForDeploymentPostprocessing = 0;
		};
/* End PBXFrameworksBuildPhase section */

/* Begin PBXGroup section */
		4053860A23DA2C87003182B4 = {
			isa = PBXGroup;
			children = (
				4053861523DA2C87003182B4 /* LED BLE Controller */,
				4053862B23DA2C8B003182B4 /* LED BLE ControllerTests */,
				4053861423DA2C87003182B4 /* Products */,
				4056369223EA1C9000B7265E /* Frameworks */,
			);
			sourceTree = "<group>";
		};
		4053861423DA2C87003182B4 /* Products */ = {
			isa = PBXGroup;
			children = (
				4053861323DA2C87003182B4 /* LED BLE Controller.app */,
				4053862823DA2C8B003182B4 /* LED BLE ControllerTests.xctest */,
			);
			name = Products;
			sourceTree = "<group>";
		};
		4053861523DA2C87003182B4 /* LED BLE Controller */ = {
			isa = PBXGroup;
			children = (
				4053861623DA2C87003182B4 /* AppDelegate.swift */,
				4053861823DA2C87003182B4 /* ContentView.swift */,
				4053861A23DA2C8B003182B4 /* Assets.xcassets */,
				4053861F23DA2C8B003182B4 /* Main.storyboard */,
				4053862223DA2C8B003182B4 /* Info.plist */,
				4053862323DA2C8B003182B4 /* LED_BLE_Controller.entitlements */,
				4053861C23DA2C8B003182B4 /* Preview Content */,
			);
			path = "LED BLE Controller";
			sourceTree = "<group>";
		};
		4053861C23DA2C8B003182B4 /* Preview Content */ = {
			isa = PBXGroup;
			children = (
				4053861D23DA2C8B003182B4 /* Preview Assets.xcassets */,
			);
			path = "Preview Content";
			sourceTree = "<group>";
		};
		4053862B23DA2C8B003182B4 /* LED BLE ControllerTests */ = {
			isa = PBXGroup;
			children = (
				4053862C23DA2C8B003182B4 /* LED_BLE_ControllerTests.swift */,
				4053862E23DA2C8B003182B4 /* Info.plist */,
			);
			path = "LED BLE ControllerTests";
			sourceTree = "<group>";
		};
		4056369223EA1C9000B7265E /* Frameworks */ = {
			isa = PBXGroup;
			children = (
			);
			name = Frameworks;
			sourceTree = "<group>";
		};
/* End PBXGroup section */

/* Begin PBXNativeTarget section */
		4053861223DA2C87003182B4 /* LED BLE Controller */ = {
			isa = PBXNativeTarget;
			buildConfigurationList = 4053863123DA2C8B003182B4 /* Build configuration list for PBXNativeTarget "LED BLE Controller" */;
			buildPhases = (
				4053860F23DA2C87003182B4 /* Sources */,
				4053861023DA2C87003182B4 /* Frameworks */,
				4053861123DA2C87003182B4 /* Resources */,
				403811D023EA21EC00213EC3 /* Embed Frameworks */,
			);
			buildRules = (
			);
			dependencies = (
			);
			name = "LED BLE Controller";
			productName = "LED BLE Controller";
			productReference = 4053861323DA2C87003182B4 /* LED BLE Controller.app */;
			productType = "com.apple.product-type.application";
		};
		4053862723DA2C8B003182B4 /* LED BLE ControllerTests */ = {
			isa = PBXNativeTarget;
			buildConfigurationList = 4053863423DA2C8B003182B4 /* Build configuration list for PBXNativeTarget "LED BLE ControllerTests" */;
			buildPhases = (
				4053862423DA2C8B003182B4 /* Sources */,
				4053862523DA2C8B003182B4 /* Frameworks */,
				4053862623DA2C8B003182B4 /* Resources */,
			);
			buildRules = (
			);
			dependencies = (
				4053862A23DA2C8B003182B4 /* PBXTargetDependency */,
			);
			name = "LED BLE ControllerTests";
			productName = "LED BLE ControllerTests";
			productReference = 4053862823DA2C8B003182B4 /* LED BLE ControllerTests.xctest */;
			productType = "com.apple.product-type.bundle.unit-test";
		};
/* End PBXNativeTarget section */

/* Begin PBXProject section */
		4053860B23DA2C87003182B4 /* Project object */ = {
			isa = PBXProject;
			attributes = {
				LastSwiftUpdateCheck = 1130;
				LastUpgradeCheck = 1130;
				ORGANIZATIONNAME = "Hadrián Montes Campos";
				TargetAttributes = {
					4053861223DA2C87003182B4 = {
						CreatedOnToolsVersion = 11.3.1;
					};
					4053862723DA2C8B003182B4 = {
						CreatedOnToolsVersion = 11.3.1;
						TestTargetID = 4053861223DA2C87003182B4;
					};
				};
			};
			buildConfigurationList = 4053860E23DA2C87003182B4 /* Build configuration list for PBXProject "LED BLE Controller" */;
			compatibilityVersion = "Xcode 9.3";
			developmentRegion = en;
			hasScannedForEncodings = 0;
			knownRegions = (
				en,
				Base,
			);
			mainGroup = 4053860A23DA2C87003182B4;
			productRefGroup = 4053861423DA2C87003182B4 /* Products */;
			projectDirPath = "";
			projectRoot = "";
			targets = (
				4053861223DA2C87003182B4 /* LED BLE Controller */,
				4053862723DA2C8B003182B4 /* LED BLE ControllerTests */,
			);
		};
/* End PBXProject section */

/* Begin PBXResourcesBuildPhase section */
		4053861123DA2C87003182B4 /* Resources */ = {
			isa = PBXResourcesBuildPhase;
			buildActionMask = 2147483647;
			files = (
				4053862123DA2C8B003182B4 /* Main.storyboard in Resources */,
				4053861E23DA2C8B003182B4 /* Preview Assets.xcassets in Resources */,
				4053861B23DA2C8B003182B4 /* Assets.xcassets in Resources */,
			);
			runOnlyForDeploymentPostprocessing = 0;
		};
		4053862623DA2C8B003182B4 /* Resources */ = {
			isa = PBXResourcesBuildPhase;
			buildActionMask = 2147483647;
			files = (
			);
			runOnlyForDeploymentPostprocessing = 0;
		};
/* End PBXResourcesBuildPhase section */

/* Begin PBXSourcesBuildPhase section */
		4053860F23DA2C87003182B4 /* Sources */ = {
			isa = PBXSourcesBuildPhase;
			buildActionMask = 2147483647;
			files = (
				4053861923DA2C87003182B4 /* ContentView.swift in Sources */,
				4053861723DA2C87003182B4 /* AppDelegate.swift in Sources */,
			);
			runOnlyForDeploymentPostprocessing = 0;
		};
		4053862423DA2C8B003182B4 /* Sources */ = {
			isa = PBXSourcesBuildPhase;
			buildActionMask = 2147483647;
			files = (
				4053862D23DA2C8B003182B4 /* LED_BLE_ControllerTests.swift in Sources */,
			);
			runOnlyForDeploymentPostprocessing = 0;
		};
/* End PBXSourcesBuildPhase section */

/* Begin PBXTargetDependency section */
		4053862A23DA2C8B003182B4 /* PBXTargetDependency */ = {
			isa = PBXTargetDependency;
			target = 4053861223DA2C87003182B4 /* LED BLE Controller */;
			targetProxy = 4053862923DA2C8B003182B4 /* PBXContainerItemProxy */;
		};
/* End PBXTargetDependency section */

/* Begin PBXVariantGroup section */
		4053861F23DA2C8B003182B4 /* Main.storyboard */ = {
			isa = PBXVariantGroup;
			children = (
				4053862023DA2C8B003182B4 /* Base */,
			);
			name = Main.storyboard;
			sourceTree = "<group>";
		};
/* End PBXVariantGroup section */

/* Begin XCBuildConfiguration section */
		4053862F23DA2C8B003182B4 /* Debug */ = {
			isa = XCBuildConfiguration;
			buildSettings = {
				ALWAYS_SEARCH_USER_PATHS = NO;
				CLANG_ANALYZER_NONNULL = YES;
				CLANG_ANALYZER_NUMBER_OBJECT_CONVERSION = YES_AGGRESSIVE;
				CLANG_CXX_LANGUAGE_STANDARD = "gnu++14";
				CLANG_CXX_LIBRARY = "libc++";
				CLANG_ENABLE_MODULES = YES;
				CLANG_ENABLE_OBJC_ARC = YES;
				CLANG_ENABLE_OBJC_WEAK = YES;
				CLANG_WARN_BLOCK_CAPTURE_AUTORELEASING = YES;
				CLANG_WARN_BOOL_CONVERSION = YES;
				CLANG_WARN_COMMA = YES;
				CLANG_WARN_CONSTANT_CONVERSION = YES;
				CLANG_WARN_DEPRECATED_OBJC_IMPLEMENTATIONS = YES;
				CLANG_WARN_DIRECT_OBJC_ISA_USAGE = YES_ERROR;
				CLANG_WARN_DOCUMENTATION_COMMENTS = YES;
				CLANG_WARN_EMPTY_BODY = YES;
				CLANG_WARN_ENUM_CONVERSION = YES;
				CLANG_WARN_INFINITE_RECURSION = YES;
				CLANG_WARN_INT_CONVERSION = YES;
				CLANG_WARN_NON_LITERAL_NULL_CONVERSION = YES;
				CLANG_WARN_OBJC_IMPLICIT_RETAIN_SELF = YES;
				CLANG_WARN_OBJC_LITERAL_CONVERSION = YES;
				CLANG_WARN_OBJC_ROOT_CLASS = YES_ERROR;
				CLANG_WARN_RANGE_LOOP_ANALYSIS = YES;
				CLANG_WARN_STRICT_PROTOTYPES = YES;
				CLANG_WARN_SUSPICIOUS_MOVE = YES;
				CLANG_WARN_UNGUARDED_AVAILABILITY = YES_AGGRESSIVE;
				CLANG_WARN_UNREACHABLE_CODE = YES;
				CLANG_WARN__DUPLICATE_METHOD_MATCH = YES;
				COPY_PHASE_STRIP = NO;
				DEBUG_INFORMATION_FORMAT = dwarf;
				ENABLE_STRICT_OBJC_MSGSEND = YES;
				ENABLE_TESTABILITY = YES;
				GCC_C_LANGUAGE_STANDARD = gnu11;
				GCC_DYNAMIC_NO_PIC = NO;
				GCC_NO_COMMON_BLOCKS = YES;
				GCC_OPTIMIZATION_LEVEL = 0;
				GCC_PREPROCESSOR_DEFINITIONS = (
					"DEBUG=1",
					"$(inherited)",
				);
				GCC_WARN_64_TO_32_BIT_CONVERSION = YES;
				GCC_WARN_ABOUT_RETURN_TYPE = YES_ERROR;
				GCC_WARN_UNDECLARED_SELECTOR = YES;
				GCC_WARN_UNINITIALIZED_AUTOS = YES_AGGRESSIVE;
				GCC_WARN_UNUSED_FUNCTION = YES;
				GCC_WARN_UNUSED_VARIABLE = YES;
				MACOSX_DEPLOYMENT_TARGET = 10.15;
				MTL_ENABLE_DEBUG_INFO = INCLUDE_SOURCE;
				MTL_FAST_MATH = YES;
				ONLY_ACTIVE_ARCH = YES;
				SDKROOT = macosx;
				SWIFT_ACTIVE_COMPILATION_CONDITIONS = DEBUG;
				SWIFT_OPTIMIZATION_LEVEL = "-Onone";
			};
			name = Debug;
		};
		4053863023DA2C8B003182B4 /* Release */ = {
			isa = XCBuildConfiguration;
			buildSettings = {
				ALWAYS_SEARCH_USER_PATHS = NO;
				CLANG_ANALYZER_NONNULL = YES;
				CLANG_ANALYZER_NUMBER_OBJECT_CONVERSION = YES_AGGRESSIVE;
				CLANG_CXX_LANGUAGE_STANDARD = "gnu++14";
				CLANG_CXX_LIBRARY = "libc++";
				CLANG_ENABLE_MODULES = YES;
				CLANG_ENABLE_OBJC_ARC = YES;
				CLANG_ENABLE_OBJC_WEAK = YES;
				CLANG_WARN_BLOCK_CAPTURE_AUTORELEASING = YES;
				CLANG_WARN_BOOL_CONVERSION = YES;
				CLANG_WARN_COMMA = YES;
				CLANG_WARN_CONSTANT_CONVERSION = YES;
				CLANG_WARN_DEPRECATED_OBJC_IMPLEMENTATIONS = YES;
				CLANG_WARN_DIRECT_OBJC_ISA_USAGE = YES_ERROR;
				CLANG_WARN_DOCUMENTATION_COMMENTS = YES;
				CLANG_WARN_EMPTY_BODY = YES;
				CLANG_WARN_ENUM_CONVERSION = YES;
				CLANG_WARN_INFINITE_RECURSION = YES;
				CLANG_WARN_INT_CONVERSION = YES;
				CLANG_WARN_NON_LITERAL_NULL_CONVERSION = YES;
				CLANG_WARN_OBJC_IMPLICIT_RETAIN_SELF = YES;
				CLANG_WARN_OBJC_LITERAL_CONVERSION = YES;
				CLANG_WARN_OBJC_ROOT_CLASS = YES_ERROR;
				CLANG_WARN_RANGE_LOOP_ANALYSIS = YES;
				CLANG_WARN_STRICT_PROTOTYPES = YES;
				CLANG_WARN_SUSPICIOUS_MOVE = YES;
				CLANG_WARN_UNGUARDED_AVAILABILITY = YES_AGGRESSIVE;
				CLANG_WARN_UNREACHABLE_CODE = YES;
				CLANG_WARN__DUPLICATE_METHOD_MATCH = YES;
				COPY_PHASE_STRIP = NO;
				DEBUG_INFORMATION_FORMAT = "dwarf-with-dsym";
				ENABLE_NS_ASSERTIONS = NO;
				ENABLE_STRICT_OBJC_MSGSEND = YES;
				GCC_C_LANGUAGE_STANDARD = gnu11;
				GCC_NO_COMMON_BLOCKS = YES;
				GCC_WARN_64_TO_32_BIT_CONVERSION = YES;
				GCC_WARN_ABOUT_RETURN_TYPE = YES_ERROR;
				GCC_WARN_UNDECLARED_SELECTOR = YES;
				GCC_WARN_UNINITIALIZED_AUTOS = YES_AGGRESSIVE;
				GCC_WARN_UNUSED_FUNCTION = YES;
				GCC_WARN_UNUSED_VARIABLE = YES;
				MACOSX_DEPLOYMENT_TARGET = 10.15;
				MTL_ENABLE_DEBUG_INFO = NO;
				MTL_FAST_MATH = YES;
				SDKROOT = macosx;
				SWIFT_COMPILATION_MODE = wholemodule;
				SWIFT_OPTIMIZATION_LEVEL = "-O";
			};
			name = Release;
		};
		4053863223DA2C8B003182B4 /* Debug */ = {
			isa = XCBuildConfiguration;
			buildSettings = {
				ASSETCATALOG_COMPILER_APPICON_NAME = AppIcon;
				CODE_SIGN_ENTITLEMENTS = "LED BLE Controller/LED_BLE_Controller.entitlements";
				CODE_SIGN_STYLE = Automatic;
				COMBINE_HIDPI_IMAGES = YES;
				DEVELOPMENT_ASSET_PATHS = "\"LED BLE Controller/Preview Content\"";
				DEVELOPMENT_TEAM = S4U8PU75XD;
				ENABLE_HARDENED_RUNTIME = YES;
				ENABLE_PREVIEWS = YES;
				INFOPLIST_FILE = "LED BLE Controller/Info.plist";
				LD_RUNPATH_SEARCH_PATHS = (
					"$(inherited)",
					"@executable_path/../Frameworks",
				);
				MACOSX_DEPLOYMENT_TARGET = 10.15;
				PRODUCT_BUNDLE_IDENTIFIER = "Hadrian.LED-BLE-Controller";
				PRODUCT_NAME = "$(TARGET_NAME)";
				SWIFT_VERSION = 5.0;
			};
			name = Debug;
		};
		4053863323DA2C8B003182B4 /* Release */ = {
			isa = XCBuildConfiguration;
			buildSettings = {
				ASSETCATALOG_COMPILER_APPICON_NAME = AppIcon;
				CODE_SIGN_ENTITLEMENTS = "LED BLE Controller/LED_BLE_Controller.entitlements";
				CODE_SIGN_STYLE = Automatic;
				COMBINE_HIDPI_IMAGES = YES;
				DEVELOPMENT_ASSET_PATHS = "\"LED BLE Controller/Preview Content\"";
				DEVELOPMENT_TEAM = S4U8PU75XD;
				ENABLE_HARDENED_RUNTIME = YES;
				ENABLE_PREVIEWS = YES;
				INFOPLIST_FILE = "LED BLE Controller/Info.plist";
				LD_RUNPATH_SEARCH_PATHS = (
					"$(inherited)",
					"@executable_path/../Frameworks",
				);
				MACOSX_DEPLOYMENT_TARGET = 10.15;
				PRODUCT_BUNDLE_IDENTIFIER = "Hadrian.LED-BLE-Controller";
				PRODUCT_NAME = "$(TARGET_NAME)";
				SWIFT_VERSION = 5.0;
			};
			name = Release;
		};
		4053863523DA2C8B003182B4 /* Debug */ = {
			isa = XCBuildConfiguration;
			buildSettings = {
				ALWAYS_EMBED_SWIFT_STANDARD_LIBRARIES = YES;
				BUNDLE_LOADER = "$(TEST_HOST)";
				CODE_SIGN_STYLE = Automatic;
				COMBINE_HIDPI_IMAGES = YES;
				DEVELOPMENT_TEAM = S4U8PU75XD;
				INFOPLIST_FILE = "LED BLE ControllerTests/Info.plist";
				LD_RUNPATH_SEARCH_PATHS = (
					"$(inherited)",
					"@executable_path/../Frameworks",
					"@loader_path/../Frameworks",
				);
				MACOSX_DEPLOYMENT_TARGET = 10.15;
				PRODUCT_BUNDLE_IDENTIFIER = "Hadrian.LED-BLE-ControllerTests";
				PRODUCT_NAME = "$(TARGET_NAME)";
				SWIFT_VERSION = 5.0;
				TEST_HOST = "$(BUILT_PRODUCTS_DIR)/LED BLE Controller.app/Contents/MacOS/LED BLE Controller";
			};
			name = Debug;
		};
		4053863623DA2C8B003182B4 /* Release */ = {
			isa = XCBuildConfiguration;
			buildSettings = {
				ALWAYS_EMBED_SWIFT_STANDARD_LIBRARIES = YES;
				BUNDLE_LOADER = "$(TEST_HOST)";
				CODE_SIGN_STYLE = Automatic;
				COMBINE_HIDPI_IMAGES = YES;
				DEVELOPMENT_TEAM = S4U8PU75XD;
				INFOPLIST_FILE = "LED BLE ControllerTests/Info.plist";
				LD_RUNPATH_SEARCH_PATHS = (
					"$(inherited)",
					"@executable_path/../Frameworks",
					"@loader_path/../Frameworks",
				);
				MACOSX_DEPLOYMENT_TARGET = 10.15;
				PRODUCT_BUNDLE_IDENTIFIER = "Hadrian.LED-BLE-ControllerTests";
				PRODUCT_NAME = "$(TARGET_NAME)";
				SWIFT_VERSION = 5.0;
				TEST_HOST = "$(BUILT_PRODUCTS_DIR)/LED BLE Controller.app/Contents/MacOS/LED BLE Controller";
			};
			name = Release;
		};
/* End XCBuildConfiguration section */

/* Begin XCConfigurationList section */
		4053860E23DA2C87003182B4 /* Build configuration list for PBXProject "LED BLE Controller" */ = {
			isa = XCConfigurationList;
			buildConfigurations = (
				4053862F23DA2C8B003182B4 /* Debug */,
				4053863023DA2C8B003182B4 /* Release */,
			);
			defaultConfigurationIsVisible = 0;
			defaultConfigurationName = Release;
		};
		4053863123DA2C8B003182B4 /* Build configuration list for PBXNativeTarget "LED BLE Controller" */ = {
			isa = XCConfigurationList;
			buildConfigurations = (
				4053863223DA2C8B003182B4 /* Debug */,
				4053863323DA2C8B003182B4 /* Release */,
			);
			defaultConfigurationIsVisible = 0;
			defaultConfigurationName = Release;
		};
		4053863423DA2C8B003182B4 /* Build configuration list for PBXNativeTarget "LED BLE ControllerTests" */ = {
			isa = XCConfigurationList;
			buildConfigurations = (
				4053863523DA2C8B003182B4 /* Debug */,
				4053863623DA2C8B003182B4 /* Release */,
			);
			defaultConfigurationIsVisible = 0;
			defaultConfigurationName = Release;
		};
/* End XCConfigurationList section */
	};
	rootObject = 4053860B23DA2C87003182B4 /* Project object */;
}
